{
  "name": "java-tutorial",
  "requires": true,
  "lockfileVersion": 1,
  "dependencies": {
    "ansi-red": {
      "version": "0.1.1",
      "resolved": "https://registry.npm.taobao.org/ansi-red/download/ansi-red-0.1.1.tgz",
      "integrity": "sha1-jGOPnRCAgAo1PJwoyKgcpHBdlGw=",
      "requires": {
        "ansi-wrap": "0.1.0"
      }
    },
    "ansi-wrap": {
      "version": "0.1.0",
      "resolved": "https://registry.npm.taobao.org/ansi-wrap/download/ansi-wrap-0.1.0.tgz",
      "integrity": "sha1-qCJQ3bABXponyoLoLqYDu/pF768="
    },
    "argparse": {
      "version": "1.0.10",
      "resolved": "https://registry.npm.taobao.org/argparse/download/argparse-1.0.10.tgz",
      "integrity": "sha1-vNZ5HqWuCXJeF+WtmIE0zUCz2RE=",
      "requires": {
        "sprintf-js": "~1.0.2"
      }
    },
    "array-union": {
      "version": "1.0.2",
      "resolved": "http://r.cnpmjs.org/array-union/download/array-union-1.0.2.tgz",
      "integrity": "sha1-mjRBDk9OPaI96jdb5b5w8kd47Dk=",
      "dev": true,
      "requires": {
        "array-uniq": "^1.0.1"
      }
    },
    "array-uniq": {
      "version": "1.0.3",
      "resolved": "http://r.cnpmjs.org/array-uniq/download/array-uniq-1.0.3.tgz",
      "integrity": "sha1-r2rId6Jcx/dOBYiUdThY39sk/bY=",
      "dev": true
    },
    "async": {
      "version": "2.6.3",
      "resolved": "http://r.cnpmjs.org/async/download/async-2.6.3.tgz",
      "integrity": "sha1-1yYl4jRKNlbjo61Pp0n6gymdgv8=",
      "dev": true,
      "requires": {
        "lodash": "^4.17.14"
      }
    },
    "autolinker": {
      "version": "0.28.1",
      "resolved": "https://registry.npm.taobao.org/autolinker/download/autolinker-0.28.1.tgz",
      "integrity": "sha1-BlK0kYgYefB3XazgzcoyM5QqTkc=",
      "requires": {
        "gulp-header": "^1.7.1"
      }
    },
    "balanced-match": {
      "version": "1.0.0",
      "resolved": "http://r.cnpmjs.org/balanced-match/download/balanced-match-1.0.0.tgz",
      "integrity": "sha1-ibTRmasr7kneFk6gK4nORi1xt2c=",
      "dev": true
    },
    "boolbase": {
      "version": "1.0.0",
      "resolved": "https://registry.npm.taobao.org/boolbase/download/boolbase-1.0.0.tgz",
      "integrity": "sha1-aN/1++YMUes3cl6p4+0xDcwed24="
    },
    "brace-expansion": {
      "version": "1.1.11",
      "resolved": "http://r.cnpmjs.org/brace-expansion/download/brace-expansion-1.1.11.tgz",
      "integrity": "sha1-PH/L9SnYcibz0vUrlm/1Jx60Qd0=",
      "dev": true,
      "requires": {
        "balanced-match": "^1.0.0",
        "concat-map": "0.0.1"
      }
    },
    "buffer-from": {
      "version": "1.1.1",
      "resolved": "https://registry.npm.taobao.org/buffer-from/download/buffer-from-1.1.1.tgz",
      "integrity": "sha1-MnE7wCj3XAL9txDXx7zsHyxgcO8="
    },
    "cheerio": {
      "version": "0.22.0",
      "resolved": "https://registry.npm.taobao.org/cheerio/download/cheerio-0.22.0.tgz",
      "integrity": "sha1-qbqoYKP5tZWmuBsahocxIe06Jp4=",
      "requires": {
        "css-select": "~1.2.0",
        "dom-serializer": "~0.1.0",
        "entities": "~1.1.1",
        "htmlparser2": "^3.9.1",
        "lodash.assignin": "^4.0.9",
        "lodash.bind": "^4.1.4",
        "lodash.defaults": "^4.0.1",
        "lodash.filter": "^4.4.0",
        "lodash.flatten": "^4.2.0",
        "lodash.foreach": "^4.3.0",
        "lodash.map": "^4.4.0",
        "lodash.merge": "^4.4.0",
        "lodash.pick": "^4.2.1",
        "lodash.reduce": "^4.4.0",
        "lodash.reject": "^4.4.0",
        "lodash.some": "^4.4.0"
      }
    },
    "coffee-script": {
      "version": "1.12.7",
      "resolved": "https://registry.npm.taobao.org/coffee-script/download/coffee-script-1.12.7.tgz",
      "integrity": "sha1-wF2uDLeVkdBbMHCoQzqYyaiczFM="
    },
    "colors": {
      "version": "1.4.0",
      "resolved": "https://registry.npm.taobao.org/colors/download/colors-1.4.0.tgz",
      "integrity": "sha1-xQSRR51MG9rtLJztMs98fcI2D3g="
    },
    "commander": {
      "version": "2.20.3",
      "resolved": "http://r.cnpmjs.org/commander/download/commander-2.20.3.tgz",
      "integrity": "sha1-/UhehMA+tIgcIHIrpIA16FMa6zM=",
      "dev": true
    },
    "concat-map": {
      "version": "0.0.1",
      "resolved": "http://r.cnpmjs.org/concat-map/download/concat-map-0.0.1.tgz",
      "integrity": "sha1-2Klr13/Wjfd5OnMDajug1UBdR3s=",
      "dev": true
    },
    "concat-stream": {
      "version": "1.6.2",
      "resolved": "https://registry.npm.taobao.org/concat-stream/download/concat-stream-1.6.2.tgz",
      "integrity": "sha1-kEvfGUzTEi/Gdcd/xKw9T/D9GjQ=",
      "requires": {
        "buffer-from": "^1.0.0",
        "inherits": "^2.0.3",
        "readable-stream": "^2.2.2",
        "typedarray": "^0.0.6"
      },
      "dependencies": {
        "readable-stream": {
          "version": "2.3.6",
          "resolved": "https://registry.npm.taobao.org/readable-stream/download/readable-stream-2.3.6.tgz",
          "integrity": "sha1-sRwn2IuP8fvgcGQ8+UsMea4bCq8=",
          "requires": {
            "core-util-is": "~1.0.0",
            "inherits": "~2.0.3",
            "isarray": "~1.0.0",
            "process-nextick-args": "~2.0.0",
            "safe-buffer": "~5.1.1",
            "string_decoder": "~1.1.1",
            "util-deprecate": "~1.0.1"
          }
        },
        "safe-buffer": {
          "version": "5.1.2",
          "resolved": "https://registry.npm.taobao.org/safe-buffer/download/safe-buffer-5.1.2.tgz",
          "integrity": "sha1-mR7GnSluAxN0fVm9/St0XDX4go0="
        },
        "string_decoder": {
          "version": "1.1.1",
          "resolved": "https://registry.npm.taobao.org/string_decoder/download/string_decoder-1.1.1.tgz",
          "integrity": "sha1-nPFhG6YmhdcDCunkujQUnDrwP8g=",
          "requires": {
            "safe-buffer": "~5.1.0"
          }
        }
      }
    },
    "concat-with-sourcemaps": {
      "version": "1.1.0",
      "resolved": "https://registry.npm.taobao.org/concat-with-sourcemaps/download/concat-with-sourcemaps-1.1.0.tgz",
      "integrity": "sha1-1OqT8FriV5CVG5nns7CeOQikCC4=",
      "requires": {
        "source-map": "^0.6.1"
      }
    },
    "core-util-is": {
      "version": "1.0.2",
      "resolved": "https://registry.npm.taobao.org/core-util-is/download/core-util-is-1.0.2.tgz",
      "integrity": "sha1-tf1UIgqivFq1eqtxQMlAdUUDwac="
    },
    "css-select": {
      "version": "1.2.0",
      "resolved": "https://registry.npm.taobao.org/css-select/download/css-select-1.2.0.tgz",
      "integrity": "sha1-KzoRBTnFNV8c2NMUYj6HCxIeyFg=",
      "requires": {
        "boolbase": "~1.0.0",
        "css-what": "2.1",
        "domutils": "1.5.1",
        "nth-check": "~1.0.1"
      }
    },
    "css-what": {
      "version": "2.1.3",
      "resolved": "https://registry.npm.taobao.org/css-what/download/css-what-2.1.3.tgz",
      "integrity": "sha1-ptdgRXM2X+dGhsPzEcVlE9iChfI="
    },
    "diacritics-map": {
      "version": "0.1.0",
      "resolved": "https://registry.npm.taobao.org/diacritics-map/download/diacritics-map-0.1.0.tgz",
      "integrity": "sha1-bfwP+dAQAKLt8oZTccrDFulJd68="
    },
    "dom-serializer": {
      "version": "0.1.1",
      "resolved": "https://registry.npm.taobao.org/dom-serializer/download/dom-serializer-0.1.1.tgz",
      "integrity": "sha1-HsQFnihLq+027sKUHUqXChic58A=",
      "requires": {
        "domelementtype": "^1.3.0",
        "entities": "^1.1.1"
      }
    },
    "domelementtype": {
      "version": "1.3.1",
      "resolved": "https://registry.npm.taobao.org/domelementtype/download/domelementtype-1.3.1.tgz",
      "integrity": "sha1-0EjESzew0Qp/Kj1f7j9DM9eQSB8="
    },
    "domhandler": {
      "version": "2.4.2",
      "resolved": "https://registry.npm.taobao.org/domhandler/download/domhandler-2.4.2.tgz",
      "integrity": "sha1-iAUJfpM9ZehVRvcm1g9euItE+AM=",
      "requires": {
        "domelementtype": "1"
      }
    },
    "domutils": {
      "version": "1.5.1",
      "resolved": "https://registry.npm.taobao.org/domutils/download/domutils-1.5.1.tgz",
      "integrity": "sha1-3NhIiib1Y9YQeeSMn3t+Mjc2gs8=",
      "requires": {
        "dom-serializer": "0",
        "domelementtype": "1"
      }
    },
    "email-addresses": {
      "version": "3.1.0",
      "resolved": "http://r.cnpmjs.org/email-addresses/download/email-addresses-3.1.0.tgz",
      "integrity": "sha1-yr9+CFy9tjAIpwMZp05hNhiIEvs=",
      "dev": true
    },
    "emojify.js": {
      "version": "1.1.0",
      "resolved": "https://registry.npm.taobao.org/emojify.js/download/emojify.js-1.1.0.tgz",
      "integrity": "sha1-B5//IjMHyQB/VweF6OSTXVw5i+s="
    },
    "entities": {
      "version": "1.1.2",
      "resolved": "https://registry.npm.taobao.org/entities/download/entities-1.1.2.tgz",
      "integrity": "sha1-vfpzUplmTfr9NFKe1PhSKidf6lY="
    },
    "escape-string-regexp": {
      "version": "1.0.5",
      "resolved": "http://r.cnpmjs.org/escape-string-regexp/download/escape-string-regexp-1.0.5.tgz",
      "integrity": "sha1-G2HAViGQqN/2rjuyzwIAyhMLhtQ=",
      "dev": true
    },
    "esprima": {
      "version": "4.0.1",
      "resolved": "https://registry.npm.taobao.org/esprima/download/esprima-4.0.1.tgz",
      "integrity": "sha1-E7BM2z5sXRnfkatph6hpVhmwqnE="
    },
    "expand-range": {
      "version": "1.8.2",
      "resolved": "https://registry.npm.taobao.org/expand-range/download/expand-range-1.8.2.tgz",
      "integrity": "sha1-opnv/TNf4nIeuujiV+x5ZE/IUzc=",
      "requires": {
        "fill-range": "^2.1.0"
      }
    },
    "extend-shallow": {
      "version": "2.0.1",
      "resolved": "https://registry.npm.taobao.org/extend-shallow/download/extend-shallow-2.0.1.tgz",
      "integrity": "sha1-Ua99YUrZqfYQ6huvu5idaxxWiQ8=",
      "requires": {
        "is-extendable": "^0.1.0"
      }
    },
    "filename-reserved-regex": {
      "version": "1.0.0",
      "resolved": "http://r.cnpmjs.org/filename-reserved-regex/download/filename-reserved-regex-1.0.0.tgz",
      "integrity": "sha1-5hz4BfDeHJhFZ9A4bcXfUO5a9+Q=",
      "dev": true
    },
    "filenamify": {
      "version": "1.2.1",
      "resolved": "http://r.cnpmjs.org/filenamify/download/filenamify-1.2.1.tgz",
      "integrity": "sha1-qfL/0RxQO+0wABUCknI3jx8TZaU=",
      "dev": true,
      "requires": {
        "filename-reserved-regex": "^1.0.0",
        "strip-outer": "^1.0.0",
        "trim-repeated": "^1.0.0"
      }
    },
    "filenamify-url": {
      "version": "1.0.0",
      "resolved": "http://r.cnpmjs.org/filenamify-url/download/filenamify-url-1.0.0.tgz",
      "integrity": "sha1-syvYExnvWGO3MHi+1Q9GpPeXX1A=",
      "dev": true,
      "requires": {
        "filenamify": "^1.0.0",
        "humanize-url": "^1.0.0"
      }
    },
    "fill-range": {
      "version": "2.2.4",
      "resolved": "https://registry.npm.taobao.org/fill-range/download/fill-range-2.2.4.tgz",
      "integrity": "sha1-6x53OrsFbc2N8r/favWbizqTZWU=",
      "requires": {
        "is-number": "^2.1.0",
        "isobject": "^2.0.0",
        "randomatic": "^3.0.0",
        "repeat-element": "^1.1.2",
        "repeat-string": "^1.5.2"
      }
    },
    "for-in": {
      "version": "1.0.2",
      "resolved": "https://registry.npm.taobao.org/for-in/download/for-in-1.0.2.tgz",
      "integrity": "sha1-gQaNKVqBQuwKxybG4iAMMPttXoA="
    },
    "fs-extra": {
      "version": "7.0.1",
      "resolved": "http://r.cnpmjs.org/fs-extra/download/fs-extra-7.0.1.tgz",
      "integrity": "sha1-TxicRKoSO4lfcigE9V6iPq3DSOk=",
      "dev": true,
      "requires": {
        "graceful-fs": "^4.1.2",
        "jsonfile": "^4.0.0",
        "universalify": "^0.1.0"
      }
    },
    "fs.realpath": {
      "version": "1.0.0",
      "resolved": "http://r.cnpmjs.org/fs.realpath/download/fs.realpath-1.0.0.tgz",
      "integrity": "sha1-FQStJSMVjKpA20onh8sBQRmU6k8=",
      "dev": true
    },
    "gh-pages": {
      "version": "2.1.1",
      "resolved": "http://r.cnpmjs.org/gh-pages/download/gh-pages-2.1.1.tgz",
      "integrity": "sha1-W+cKkvnLcEBLr6vYuxScDpqMJks=",
      "dev": true,
      "requires": {
        "async": "^2.6.1",
        "commander": "^2.18.0",
        "email-addresses": "^3.0.1",
        "filenamify-url": "^1.0.0",
        "fs-extra": "^7.0.0",
        "globby": "^6.1.0",
        "graceful-fs": "^4.1.11",
        "rimraf": "^2.6.2"
      },
      "dependencies": {
        "rimraf": {
          "version": "2.7.1",
          "resolved": "http://r.cnpmjs.org/rimraf/download/rimraf-2.7.1.tgz",
          "integrity": "sha1-NXl/E6f9rcVmFCwp1PB8ytSD4+w=",
          "dev": true,
          "requires": {
            "glob": "^7.1.3"
          }
        }
      }
    },
    "gitbook-plugin-advanced-emoji": {
      "version": "0.2.2",
      "resolved": "https://registry.npm.taobao.org/gitbook-plugin-advanced-emoji/download/gitbook-plugin-advanced-emoji-0.2.2.tgz",
      "integrity": "sha1-CLzGn2KnSc1pIEQ1J2UYyUHDGeM=",
      "requires": {
        "emojify.js": "^1.1.0"
      }
    },
    "gitbook-plugin-anchor-navigation-ex": {
      "version": "1.0.10",
      "resolved": "https://registry.npm.taobao.org/gitbook-plugin-anchor-navigation-ex/download/gitbook-plugin-anchor-navigation-ex-1.0.10.tgz",
      "integrity": "sha1-PzzPLC3yForKQXlDNA29TbnOgiw=",
      "requires": {
        "cheerio": "*",
        "colors": "^1.1.2",
        "github-slugid": "1.0.1"
      }
    },
    "gitbook-plugin-anchors": {
      "version": "0.7.1",
      "resolved": "https://registry.npm.taobao.org/gitbook-plugin-anchors/download/gitbook-plugin-anchors-0.7.1.tgz",
      "integrity": "sha1-j1hbmasaYC6nFDQiWMlXI4427II=",
      "requires": {
        "cheerio": "*",
        "github-slugid": "1.0.1"
      }
    },
    "gitbook-plugin-edit-link": {
      "version": "2.0.2",
      "resolved": "https://registry.npm.taobao.org/gitbook-plugin-edit-link/download/gitbook-plugin-edit-link-2.0.2.tgz",
      "integrity": "sha1-2PzZJ+ztgeemYqctWdtgnq/X5y8="
    },
    "gitbook-plugin-expandable-chapters-small": {
      "version": "0.1.7",
      "resolved": "https://registry.npm.taobao.org/gitbook-plugin-expandable-chapters-small/download/gitbook-plugin-expandable-chapters-small-0.1.7.tgz",
      "integrity": "sha1-r8nll7aFEVb6ewAjH/irk/T+ukw="
    },
    "gitbook-plugin-github": {
      "version": "2.0.0",
      "resolved": "https://registry.npm.taobao.org/gitbook-plugin-github/download/gitbook-plugin-github-2.0.0.tgz",
      "integrity": "sha1-UWbnY8/MQC1DKIC3pshcHFS1ao0="
    },
    "gitbook-plugin-search-plus": {
      "version": "0.0.11",
      "resolved": "https://registry.npm.taobao.org/gitbook-plugin-search-plus/download/gitbook-plugin-search-plus-0.0.11.tgz",
      "integrity": "sha1-tddEREeU73GUr8OwsbJNwvQTatQ=",
      "requires": {
        "html-entities": "1.2.0"
      }
    },
    "gitbook-plugin-simple-page-toc": {
      "version": "0.1.2",
      "resolved": "https://registry.npm.taobao.org/gitbook-plugin-simple-page-toc/download/gitbook-plugin-simple-page-toc-0.1.2.tgz",
      "integrity": "sha1-jpBMYlbPKuXlDAyl/JtEdZCZKL0=",
      "requires": {
        "markdown-toc": "^1.1.0"
      }
    },
    "gitbook-plugin-splitter": {
      "version": "0.0.8",
      "resolved": "https://registry.npm.taobao.org/gitbook-plugin-splitter/download/gitbook-plugin-splitter-0.0.8.tgz",
      "integrity": "sha1-8rBRMGD8kma0awQYLk7KHUtx+vw="
    },
    "gitbook-plugin-tbfed-pagefooter": {
      "version": "0.0.1",
      "resolved": "https://registry.npm.taobao.org/gitbook-plugin-tbfed-pagefooter/download/gitbook-plugin-tbfed-pagefooter-0.0.1.tgz",
      "integrity": "sha1-Fu54QGLdhQQmTEd+h2X8ScQb7T0=",
      "requires": {
        "moment": "^2.10.6"
      }
    },
    "github-slugid": {
      "version": "1.0.1",
      "resolved": "https://registry.npm.taobao.org/github-slugid/download/github-slugid-1.0.1.tgz",
      "integrity": "sha1-vM3QgVv61p2KNZ+k/WWUfWBuw8A="
    },
    "glob": {
      "version": "7.1.6",
      "resolved": "http://r.cnpmjs.org/glob/download/glob-7.1.6.tgz",
      "integrity": "sha1-FB8zuBp8JJLhJVlDB0gMRmeSeKY=",
      "dev": true,
      "requires": {
        "fs.realpath": "^1.0.0",
        "inflight": "^1.0.4",
        "inherits": "2",
        "minimatch": "^3.0.4",
        "once": "^1.3.0",
        "path-is-absolute": "^1.0.0"
      }
    },
    "globby": {
      "version": "6.1.0",
      "resolved": "http://r.cnpmjs.org/globby/download/globby-6.1.0.tgz",
      "integrity": "sha1-9abXDoOV4hyFj7BInWTfAkJNUGw=",
      "dev": true,
      "requires": {
        "array-union": "^1.0.1",
        "glob": "^7.0.3",
        "object-assign": "^4.0.1",
        "pify": "^2.0.0",
        "pinkie-promise": "^2.0.0"
      }
    },
    "graceful-fs": {
      "version": "4.2.3",
      "resolved": "http://r.cnpmjs.org/graceful-fs/download/graceful-fs-4.2.3.tgz",
      "integrity": "sha1-ShL/G2A3bvCYYsIJPt2Qgyi+hCM=",
      "dev": true
    },
    "gray-matter": {
      "version": "2.1.1",
      "resolved": "https://registry.npm.taobao.org/gray-matter/download/gray-matter-2.1.1.tgz",
      "integrity": "sha1-MELZrewqHe1qdwep7SOA+KF6Qw4=",
      "requires": {
        "ansi-red": "^0.1.1",
        "coffee-script": "^1.12.4",
        "extend-shallow": "^2.0.1",
        "js-yaml": "^3.8.1",
        "toml": "^2.3.2"
      }
    },
    "gulp-header": {
      "version": "1.8.12",
      "resolved": "https://registry.npm.taobao.org/gulp-header/download/gulp-header-1.8.12.tgz",
      "integrity": "sha1-rTBr4AZlmRJygcT4eGZg5wUICoQ=",
      "requires": {
        "concat-with-sourcemaps": "*",
        "lodash.template": "^4.4.0",
        "through2": "^2.0.0"
      }
    },
    "html-entities": {
      "version": "1.2.0",
      "resolved": "https://registry.npm.taobao.org/html-entities/download/html-entities-1.2.0.tgz",
      "integrity": "sha1-QZSMr4XOgv7Tbk5qDtNxpmZDeeI="
    },
    "htmlparser2": {
      "version": "3.10.1",
      "resolved": "https://registry.npm.taobao.org/htmlparser2/download/htmlparser2-3.10.1.tgz",
      "integrity": "sha1-vWedw/WYl7ajS7EHSchVu1OpOS8=",
      "requires": {
        "domelementtype": "^1.3.1",
        "domhandler": "^2.3.0",
        "domutils": "^1.5.1",
        "entities": "^1.1.1",
        "inherits": "^2.0.1",
        "readable-stream": "^3.1.1"
      }
    },
    "humanize-url": {
      "version": "1.0.1",
      "resolved": "http://r.cnpmjs.org/humanize-url/download/humanize-url-1.0.1.tgz",
      "integrity": "sha1-9KuZ4NKIF0yk4eUEB8VfuuRk7/8=",
      "dev": true,
      "requires": {
        "normalize-url": "^1.0.0",
        "strip-url-auth": "^1.0.0"
      }
    },
    "inflight": {
      "version": "1.0.6",
      "resolved": "http://r.cnpmjs.org/inflight/download/inflight-1.0.6.tgz",
      "integrity": "sha1-Sb1jMdfQLQwJvJEKEHW6gWW1bfk=",
      "dev": true,
      "requires": {
        "once": "^1.3.0",
        "wrappy": "1"
      }
    },
    "inherits": {
      "version": "2.0.4",
      "resolved": "https://registry.npm.taobao.org/inherits/download/inherits-2.0.4.tgz",
      "integrity": "sha1-D6LGT5MpF8NDOg3tVTY6rjdBa3w="
    },
    "is-buffer": {
      "version": "1.1.6",
      "resolved": "https://registry.npm.taobao.org/is-buffer/download/is-buffer-1.1.6.tgz",
      "integrity": "sha1-76ouqdqg16suoTqXsritUf776L4="
    },
    "is-extendable": {
      "version": "0.1.1",
      "resolved": "https://registry.npm.taobao.org/is-extendable/download/is-extendable-0.1.1.tgz",
      "integrity": "sha1-YrEQ4omkcUGOPsNqYX1HLjAd/Ik="
    },
    "is-number": {
      "version": "2.1.0",
      "resolved": "https://registry.npm.taobao.org/is-number/download/is-number-2.1.0.tgz",
      "integrity": "sha1-Afy7s5NGOlSPL0ZszhbezknbkI8=",
      "requires": {
        "kind-of": "^3.0.2"
      }
    },
    "is-plain-obj": {
      "version": "1.1.0",
      "resolved": "http://r.cnpmjs.org/is-plain-obj/download/is-plain-obj-1.1.0.tgz",
      "integrity": "sha1-caUMhCnfync8kqOQpKA7OfzVHT4=",
      "dev": true
    },
    "is-plain-object": {
      "version": "2.0.4",
      "resolved": "https://registry.npm.taobao.org/is-plain-object/download/is-plain-object-2.0.4.tgz",
      "integrity": "sha1-LBY7P6+xtgbZ0Xko8FwqHDjgdnc=",
      "requires": {
        "isobject": "^3.0.1"
      },
      "dependencies": {
        "isobject": {
          "version": "3.0.1",
          "resolved": "https://registry.npm.taobao.org/isobject/download/isobject-3.0.1.tgz",
          "integrity": "sha1-TkMekrEalzFjaqH5yNHMvP2reN8="
        }
      }
    },
    "isarray": {
      "version": "1.0.0",
      "resolved": "https://registry.npm.taobao.org/isarray/download/isarray-1.0.0.tgz",
      "integrity": "sha1-u5NdSFgsuhaMBoNJV6VKPgcSTxE="
    },
    "isobject": {
      "version": "2.1.0",
      "resolved": "https://registry.npm.taobao.org/isobject/download/isobject-2.1.0.tgz",
      "integrity": "sha1-8GVWEJaj8dou9GJy+BXIQNh+DIk=",
      "requires": {
        "isarray": "1.0.0"
      }
    },
    "js-yaml": {
      "version": "3.13.1",
      "resolved": "https://registry.npm.taobao.org/js-yaml/download/js-yaml-3.13.1.tgz",
      "integrity": "sha1-r/FRswv9+o5J4F2iLnQV6d+jeEc=",
      "requires": {
        "argparse": "^1.0.7",
        "esprima": "^4.0.0"
      }
    },
    "jsonfile": {
      "version": "4.0.0",
      "resolved": "http://r.cnpmjs.org/jsonfile/download/jsonfile-4.0.0.tgz",
      "integrity": "sha1-h3Gq4HmbZAdrdmQPygWPnBDjPss=",
      "dev": true,
      "requires": {
        "graceful-fs": "^4.1.6"
      }
    },
    "kind-of": {
      "version": "3.2.2",
      "resolved": "https://registry.npm.taobao.org/kind-of/download/kind-of-3.2.2.tgz",
      "integrity": "sha1-MeohpzS6ubuw8yRm2JOupR5KPGQ=",
      "requires": {
        "is-buffer": "^1.1.5"
      }
    },
    "lazy-cache": {
      "version": "2.0.2",
      "resolved": "https://registry.npm.taobao.org/lazy-cache/download/lazy-cache-2.0.2.tgz",
      "integrity": "sha1-uRkKT5EzVGlIQIWfio9whNiCImQ=",
      "requires": {
        "set-getter": "^0.1.0"
      }
    },
    "list-item": {
      "version": "1.1.1",
      "resolved": "https://registry.npm.taobao.org/list-item/download/list-item-1.1.1.tgz",
      "integrity": "sha1-DGXQDih8tmPMs8s4Sad+iewmilY=",
      "requires": {
        "expand-range": "^1.8.1",
        "extend-shallow": "^2.0.1",
        "is-number": "^2.1.0",
        "repeat-string": "^1.5.2"
      }
    },
    "lodash": {
      "version": "4.17.15",
      "resolved": "http://r.cnpmjs.org/lodash/download/lodash-4.17.15.tgz",
      "integrity": "sha1-tEf2ZwoEVbv+7dETku/zMOoJdUg=",
      "dev": true
    },
    "lodash._reinterpolate": {
      "version": "3.0.0",
      "resolved": "https://registry.npm.taobao.org/lodash._reinterpolate/download/lodash._reinterpolate-3.0.0.tgz",
      "integrity": "sha1-DM8tiRZq8Ds2Y8eWU4t1rG4RTZ0="
    },
    "lodash.assignin": {
      "version": "4.2.0",
      "resolved": "https://registry.npm.taobao.org/lodash.assignin/download/lodash.assignin-4.2.0.tgz",
      "integrity": "sha1-uo31+4QesKPoBEIysOJjqNxqKKI="
    },
    "lodash.bind": {
      "version": "4.2.1",
      "resolved": "https://registry.npm.taobao.org/lodash.bind/download/lodash.bind-4.2.1.tgz",
      "integrity": "sha1-euMBfpOWIqwxt9fX3LGzTbFpDTU="
    },
    "lodash.defaults": {
      "version": "4.2.0",
      "resolved": "https://registry.npm.taobao.org/lodash.defaults/download/lodash.defaults-4.2.0.tgz",
      "integrity": "sha1-0JF4cW/+pN3p5ft7N/bwgCJ0WAw="
    },
    "lodash.filter": {
      "version": "4.6.0",
      "resolved": "https://registry.npm.taobao.org/lodash.filter/download/lodash.filter-4.6.0.tgz",
      "integrity": "sha1-ZosdSYFgOuHMWm+nYBQ+SAtMSs4="
    },
    "lodash.flatten": {
      "version": "4.4.0",
      "resolved": "https://registry.npm.taobao.org/lodash.flatten/download/lodash.flatten-4.4.0.tgz",
      "integrity": "sha1-8xwiIlqWMtK7+OSt2+8kCqdlph8="
    },
    "lodash.foreach": {
      "version": "4.5.0",
      "resolved": "https://registry.npm.taobao.org/lodash.foreach/download/lodash.foreach-4.5.0.tgz",
      "integrity": "sha1-Gmo16s5AEoDH8G3d7DUWWrJ+PlM="
    },
    "lodash.map": {
      "version": "4.6.0",
      "resolved": "https://registry.npm.taobao.org/lodash.map/download/lodash.map-4.6.0.tgz",
      "integrity": "sha1-dx7Hg540c9nEzeKLGTlMNWL09tM="
    },
    "lodash.merge": {
      "version": "4.6.2",
      "resolved": "https://registry.npm.taobao.org/lodash.merge/download/lodash.merge-4.6.2.tgz",
      "integrity": "sha1-VYqlO0O2YeGSWgr9+japoQhf5Xo="
    },
    "lodash.pick": {
      "version": "4.4.0",
      "resolved": "https://registry.npm.taobao.org/lodash.pick/download/lodash.pick-4.4.0.tgz",
      "integrity": "sha1-UvBWEP/53tQiYRRB7R/BI6AwAbM="
    },
    "lodash.reduce": {
      "version": "4.6.0",
      "resolved": "https://registry.npm.taobao.org/lodash.reduce/download/lodash.reduce-4.6.0.tgz",
      "integrity": "sha1-8atrg5KZrUj3hKu/R2WW8DuRTTs="
    },
    "lodash.reject": {
      "version": "4.6.0",
      "resolved": "https://registry.npm.taobao.org/lodash.reject/download/lodash.reject-4.6.0.tgz",
      "integrity": "sha1-gNZJLcFHCGS79YNTO2UfQqn1JBU="
    },
    "lodash.some": {
      "version": "4.6.0",
      "resolved": "https://registry.npm.taobao.org/lodash.some/download/lodash.some-4.6.0.tgz",
      "integrity": "sha1-G7nzFO9ri63tE7VJFpsqlF62jk0="
    },
    "lodash.template": {
      "version": "4.5.0",
      "resolved": "https://registry.npm.taobao.org/lodash.template/download/lodash.template-4.5.0.tgz",
      "integrity": "sha1-+XYZXPPzR9DV9SSDVp/oAxzM6Ks=",
      "requires": {
        "lodash._reinterpolate": "^3.0.0",
        "lodash.templatesettings": "^4.0.0"
      }
    },
    "lodash.templatesettings": {
      "version": "4.2.0",
      "resolved": "https://registry.npm.taobao.org/lodash.templatesettings/download/lodash.templatesettings-4.2.0.tgz",
      "integrity": "sha1-5IExDwSdPPbUfpEq0JMTsVTw+zM=",
      "requires": {
        "lodash._reinterpolate": "^3.0.0"
      }
    },
    "markdown-link": {
      "version": "0.1.1",
      "resolved": "https://registry.npm.taobao.org/markdown-link/download/markdown-link-0.1.1.tgz",
      "integrity": "sha1-MsXGUZmmRXMWMi0eQinRNAfIx88="
    },
    "markdown-toc": {
      "version": "1.2.0",
      "resolved": "https://registry.npm.taobao.org/markdown-toc/download/markdown-toc-1.2.0.tgz",
      "integrity": "sha1-RKFWBoREkDFK/ARESD+eexEiwzk=",
      "requires": {
        "concat-stream": "^1.5.2",
        "diacritics-map": "^0.1.0",
        "gray-matter": "^2.1.0",
        "lazy-cache": "^2.0.2",
        "list-item": "^1.1.1",
        "markdown-link": "^0.1.1",
        "minimist": "^1.2.0",
        "mixin-deep": "^1.1.3",
        "object.pick": "^1.2.0",
        "remarkable": "^1.7.1",
        "repeat-string": "^1.6.1",
        "strip-color": "^0.1.0"
      }
    },
    "math-random": {
      "version": "1.0.4",
      "resolved": "https://registry.npm.taobao.org/math-random/download/math-random-1.0.4.tgz",
      "integrity": "sha1-XdaUPJOFSCZwFtTjTwV1gwgMUUw="
    },
    "minimatch": {
      "version": "3.0.4",
      "resolved": "http://r.cnpmjs.org/minimatch/download/minimatch-3.0.4.tgz",
      "integrity": "sha1-UWbihkV/AzBgZL5Ul+jbsMPTIIM=",
      "dev": true,
      "requires": {
        "brace-expansion": "^1.1.7"
      }
    },
    "minimist": {
      "version": "1.2.0",
      "resolved": "https://registry.npm.taobao.org/minimist/download/minimist-1.2.0.tgz",
      "integrity": "sha1-o1AIsg9BOD7sH7kU9M1d95omQoQ="
    },
    "mixin-deep": {
      "version": "1.3.2",
      "resolved": "https://registry.npm.taobao.org/mixin-deep/download/mixin-deep-1.3.2.tgz",
      "integrity": "sha1-ESC0PcNZp4Xc5ltVuC4lfM9HlWY=",
      "requires": {
        "for-in": "^1.0.2",
        "is-extendable": "^1.0.1"
      },
      "dependencies": {
        "is-extendable": {
          "version": "1.0.1",
          "resolved": "https://registry.npm.taobao.org/is-extendable/download/is-extendable-1.0.1.tgz",
          "integrity": "sha1-p0cPnkJnM9gb2B4RVSZOOjUHyrQ=",
          "requires": {
            "is-plain-object": "^2.0.4"
          }
        }
      }
    },
    "moment": {
      "version": "2.24.0",
      "resolved": "https://registry.npm.taobao.org/moment/download/moment-2.24.0.tgz",
      "integrity": "sha1-DQVdU/UFKqZTyfbraLtdEr9cK1s="
    },
    "normalize-url": {
      "version": "1.9.1",
      "resolved": "http://r.cnpmjs.org/normalize-url/download/normalize-url-1.9.1.tgz",
      "integrity": "sha1-LMDWazHqIwNkWENuNiDYWVTGbDw=",
      "dev": true,
      "requires": {
        "object-assign": "^4.0.1",
        "prepend-http": "^1.0.0",
        "query-string": "^4.1.0",
        "sort-keys": "^1.0.0"
      }
    },
    "nth-check": {
      "version": "1.0.2",
      "resolved": "https://registry.npm.taobao.org/nth-check/download/nth-check-1.0.2.tgz",
      "integrity": "sha1-sr0pXDfj3VijvwcAN2Zjuk2c8Fw=",
      "requires": {
        "boolbase": "~1.0.0"
      }
    },
    "object-assign": {
      "version": "4.1.1",
      "resolved": "http://r.cnpmjs.org/object-assign/download/object-assign-4.1.1.tgz",
      "integrity": "sha1-IQmtx5ZYh8/AXLvUQsrIv7s2CGM=",
      "dev": true
    },
    "object.pick": {
      "version": "1.3.0",
      "resolved": "https://registry.npm.taobao.org/object.pick/download/object.pick-1.3.0.tgz",
      "integrity": "sha1-h6EKxMFpS9Lhy/U1kaZhQftd10c=",
      "requires": {
        "isobject": "^3.0.1"
      },
      "dependencies": {
        "isobject": {
          "version": "3.0.1",
          "resolved": "https://registry.npm.taobao.org/isobject/download/isobject-3.0.1.tgz",
          "integrity": "sha1-TkMekrEalzFjaqH5yNHMvP2reN8="
        }
      }
    },
    "once": {
      "version": "1.4.0",
      "resolved": "http://r.cnpmjs.org/once/download/once-1.4.0.tgz",
      "integrity": "sha1-WDsap3WWHUsROsF9nFC6753Xa9E=",
      "dev": true,
      "requires": {
        "wrappy": "1"
      }
    },
    "path-is-absolute": {
      "version": "1.0.1",
      "resolved": "http://r.cnpmjs.org/path-is-absolute/download/path-is-absolute-1.0.1.tgz",
      "integrity": "sha1-F0uSaHNVNP+8es5r9TpanhtcX18=",
      "dev": true
    },
    "pify": {
      "version": "2.3.0",
      "resolved": "http://r.cnpmjs.org/pify/download/pify-2.3.0.tgz",
      "integrity": "sha1-7RQaasBDqEnqWISY59yosVMw6Qw=",
      "dev": true
    },
    "pinkie": {
      "version": "2.0.4",
      "resolved": "http://r.cnpmjs.org/pinkie/download/pinkie-2.0.4.tgz",
      "integrity": "sha1-clVrgM+g1IqXToDnckjoDtT3+HA=",
      "dev": true
    },
    "pinkie-promise": {
      "version": "2.0.1",
      "resolved": "http://r.cnpmjs.org/pinkie-promise/download/pinkie-promise-2.0.1.tgz",
      "integrity": "sha1-ITXW36ejWMBprJsXh3YogihFD/o=",
      "dev": true,
      "requires": {
        "pinkie": "^2.0.0"
      }
    },
    "prepend-http": {
      "version": "1.0.4",
      "resolved": "http://r.cnpmjs.org/prepend-http/download/prepend-http-1.0.4.tgz",
      "integrity": "sha1-1PRWKwzjaW5BrFLQ4ALlemNdxtw=",
      "dev": true
    },
    "process-nextick-args": {
      "version": "2.0.1",
      "resolved": "https://registry.npm.taobao.org/process-nextick-args/download/process-nextick-args-2.0.1.tgz",
      "integrity": "sha1-eCDZsWEgzFXKmud5JoCufbptf+I="
    },
    "query-string": {
      "version": "4.3.4",
      "resolved": "http://r.cnpmjs.org/query-string/download/query-string-4.3.4.tgz",
      "integrity": "sha1-u7aTucqRXCMlFbIosaArYJBD2+s=",
      "dev": true,
      "requires": {
        "object-assign": "^4.1.0",
        "strict-uri-encode": "^1.0.0"
      }
    },
    "randomatic": {
      "version": "3.1.1",
      "resolved": "https://registry.npm.taobao.org/randomatic/download/randomatic-3.1.1.tgz",
      "integrity": "sha1-t3bvxZN1mE42xTey9RofCv8Noe0=",
      "requires": {
        "is-number": "^4.0.0",
        "kind-of": "^6.0.0",
        "math-random": "^1.0.1"
      },
      "dependencies": {
        "is-number": {
          "version": "4.0.0",
          "resolved": "https://registry.npm.taobao.org/is-number/download/is-number-4.0.0.tgz",
          "integrity": "sha1-ACbjf1RU1z41bf5lZGmYZ8an8P8="
        },
        "kind-of": {
          "version": "6.0.2",
          "resolved": "https://registry.npm.taobao.org/kind-of/download/kind-of-6.0.2.tgz",
          "integrity": "sha1-ARRrNqYhjmTljzqNZt5df8b20FE="
        }
      }
    },
    "readable-stream": {
      "version": "3.4.0",
      "resolved": "https://registry.npm.taobao.org/readable-stream/download/readable-stream-3.4.0.tgz",
      "integrity": "sha1-pRwmdUZY4KPCHb9ZFjvUW6b0R/w=",
      "requires": {
        "inherits": "^2.0.3",
        "string_decoder": "^1.1.1",
        "util-deprecate": "^1.0.1"
      }
    },
    "remarkable": {
      "version": "1.7.4",
      "resolved": "https://registry.npm.taobao.org/remarkable/download/remarkable-1.7.4.tgz",
      "integrity": "sha1-GQc8uWA5jIen1lRuql5Q0gIvzQA=",
      "requires": {
        "argparse": "^1.0.10",
        "autolinker": "~0.28.0"
      }
    },
    "repeat-element": {
      "version": "1.1.3",
      "resolved": "https://registry.npm.taobao.org/repeat-element/download/repeat-element-1.1.3.tgz",
      "integrity": "sha1-eC4NglwMWjuzlzH4Tv7mt0Lmsc4="
    },
    "repeat-string": {
      "version": "1.6.1",
      "resolved": "https://registry.npm.taobao.org/repeat-string/download/repeat-string-1.6.1.tgz",
      "integrity": "sha1-jcrkcOHIirwtYA//Sndihtp15jc="
    },
    "rimraf": {
      "version": "3.0.0",
      "resolved": "http://r.cnpmjs.org/rimraf/download/rimraf-3.0.0.tgz",
      "integrity": "sha1-YUF21LMBC3Xlw5DrDulvbcDOu5s=",
      "dev": true,
      "requires": {
        "glob": "^7.1.3"
      }
    },
    "safe-buffer": {
      "version": "5.2.0",
      "resolved": "https://registry.npm.taobao.org/safe-buffer/download/safe-buffer-5.2.0.tgz",
      "integrity": "sha1-t02uxJsRSPiMZLaNSbHoFcHy9Rk="
    },
    "set-getter": {
      "version": "0.1.0",
      "resolved": "https://registry.npm.taobao.org/set-getter/download/set-getter-0.1.0.tgz",
      "integrity": "sha1-12nBgsnVpR9AkUXy+6guXoboA3Y=",
      "requires": {
        "to-object-path": "^0.3.0"
      }
    },
    "sort-keys": {
      "version": "1.1.2",
      "resolved": "http://r.cnpmjs.org/sort-keys/download/sort-keys-1.1.2.tgz",
      "integrity": "sha1-RBttTTRnmPG05J6JIK37oOVD+a0=",
      "dev": true,
      "requires": {
        "is-plain-obj": "^1.0.0"
      }
    },
    "source-map": {
      "version": "0.6.1",
      "resolved": "https://registry.npm.taobao.org/source-map/download/source-map-0.6.1.tgz",
      "integrity": "sha1-dHIq8y6WFOnCh6jQu95IteLxomM="
    },
    "sprintf-js": {
      "version": "1.0.3",
      "resolved": "https://registry.npm.taobao.org/sprintf-js/download/sprintf-js-1.0.3.tgz",
      "integrity": "sha1-BOaSb2YolTVPPdAVIDYzuFcpfiw="
    },
    "strict-uri-encode": {
      "version": "1.1.0",
      "resolved": "http://r.cnpmjs.org/strict-uri-encode/download/strict-uri-encode-1.1.0.tgz",
      "integrity": "sha1-J5siXfHVgrH1TmWt3UNS4Y+qBxM=",
      "dev": true
    },
    "string_decoder": {
      "version": "1.3.0",
      "resolved": "https://registry.npm.taobao.org/string_decoder/download/string_decoder-1.3.0.tgz",
      "integrity": "sha1-QvEUWUpGzxqOMLCoT1bHjD7awh4=",
      "requires": {
        "safe-buffer": "~5.2.0"
      }
    },
    "strip-color": {
      "version": "0.1.0",
      "resolved": "https://registry.npm.taobao.org/strip-color/download/strip-color-0.1.0.tgz",
      "integrity": "sha1-EG9l09PmotlAHKwOsM6LinArT3s="
    },
    "strip-outer": {
      "version": "1.0.1",
      "resolved": "http://r.cnpmjs.org/strip-outer/download/strip-outer-1.0.1.tgz",
      "integrity": "sha1-sv0qv2YEudHmATBXGV34Nrip1jE=",
      "dev": true,
      "requires": {
        "escape-string-regexp": "^1.0.2"
      }
    },
    "strip-url-auth": {
      "version": "1.0.1",
      "resolved": "http://r.cnpmjs.org/strip-url-auth/download/strip-url-auth-1.0.1.tgz",
      "integrity": "sha1-IrD6OkE4WzO+PzMVUbu4N/oM164=",
      "dev": true
    },
    "through2": {
      "version": "2.0.5",
      "resolved": "https://registry.npm.taobao.org/through2/download/through2-2.0.5.tgz",
      "integrity": "sha1-AcHjnrMdB8t9A6lqcIIyYLIxMs0=",
      "requires": {
        "readable-stream": "~2.3.6",
        "xtend": "~4.0.1"
      },
      "dependencies": {
        "readable-stream": {
          "version": "2.3.6",
          "resolved": "https://registry.npm.taobao.org/readable-stream/download/readable-stream-2.3.6.tgz",
          "integrity": "sha1-sRwn2IuP8fvgcGQ8+UsMea4bCq8=",
          "requires": {
            "core-util-is": "~1.0.0",
            "inherits": "~2.0.3",
            "isarray": "~1.0.0",
            "process-nextick-args": "~2.0.0",
            "safe-buffer": "~5.1.1",
            "string_decoder": "~1.1.1",
            "util-deprecate": "~1.0.1"
          }
        },
        "safe-buffer": {
          "version": "5.1.2",
          "resolved": "https://registry.npm.taobao.org/safe-buffer/download/safe-buffer-5.1.2.tgz",
          "integrity": "sha1-mR7GnSluAxN0fVm9/St0XDX4go0="
        },
        "string_decoder": {
          "version": "1.1.1",
          "resolved": "https://registry.npm.taobao.org/string_decoder/download/string_decoder-1.1.1.tgz",
          "integrity": "sha1-nPFhG6YmhdcDCunkujQUnDrwP8g=",
          "requires": {
            "safe-buffer": "~5.1.0"
          }
        }
      }
    },
    "to-object-path": {
      "version": "0.3.0",
      "resolved": "https://registry.npm.taobao.org/to-object-path/download/to-object-path-0.3.0.tgz",
      "integrity": "sha1-KXWIt7Dn4KwI4E5nL4XB9JmeF68=",
      "requires": {
        "kind-of": "^3.0.2"
      }
    },
    "toml": {
      "version": "2.3.6",
      "resolved": "https://registry.npm.taobao.org/toml/download/toml-2.3.6.tgz",
      "integrity": "sha1-JbCGZIOpciR0iVVZCItDb9Efhhs="
    },
    "trim-repeated": {
      "version": "1.0.0",
      "resolved": "http://r.cnpmjs.org/trim-repeated/download/trim-repeated-1.0.0.tgz",
      "integrity": "sha1-42RqLqTokTEr9+rObPsFOAvAHCE=",
      "dev": true,
      "requires": {
        "escape-string-regexp": "^1.0.2"
      }
    },
    "typedarray": {
      "version": "0.0.6",
      "resolved": "https://registry.npm.taobao.org/typedarray/download/typedarray-0.0.6.tgz",
      "integrity": "sha1-hnrHTjhkGHsdPUfZlqeOxciDB3c="
    },
    "universalify": {
      "version": "0.1.2",
      "resolved": "http://r.cnpmjs.org/universalify/download/universalify-0.1.2.tgz",
      "integrity": "sha1-tkb2m+OULavOzJ1mOcgNwQXvqmY=",
      "dev": true
    },
    "util-deprecate": {
      "version": "1.0.2",
      "resolved": "https://registry.npm.taobao.org/util-deprecate/download/util-deprecate-1.0.2.tgz",
      "integrity": "sha1-RQ1Nyfpw3nMnYvvS1KKJgUGaDM8="
    },
    "wrappy": {
      "version": "1.0.2",
      "resolved": "http://r.cnpmjs.org/wrappy/download/wrappy-1.0.2.tgz",
      "integrity": "sha1-tSQ9jz7BqjXxNkYFvA0QNuMKtp8=",
      "dev": true
    },
    "xtend": {
      "version": "4.0.2",
      "resolved": "https://registry.npm.taobao.org/xtend/download/xtend-4.0.2.tgz",
      "integrity": "sha1-u3J3n1+kZRhrH0OPZ0+jR/2121Q="
    }
  }
}
